// !$*UTF8*$!
{
	archiveVersion = 1;
	classes = {
	};
	objectVersion = 46;
	objects = {

/* Begin PBXBuildFile section */
		B9781ABE1B27484D0082BDAA /* IOKit.framework in Frameworks */ = {isa = PBXBuildFile; fileRef = B9781ABD1B27484D0082BDAA /* IOKit.framework */; };
		B9781AC01B2748510082BDAA /* Cocoa.framework in Frameworks */ = {isa = PBXBuildFile; fileRef = B9781ABF1B2748510082BDAA /* Cocoa.framework */; };
		B9781AC21B2748550082BDAA /* OpenGL.framework in Frameworks */ = {isa = PBXBuildFile; fileRef = B9781AC11B2748550082BDAA /* OpenGL.framework */; };
		B9781AC41B27487E0082BDAA /* CoreVideo.framework in Frameworks */ = {isa = PBXBuildFile; fileRef = B9781AC31B27487E0082BDAA /* CoreVideo.framework */; };
		B9781AC61B2748820082BDAA /* GLUT.framework in Frameworks */ = {isa = PBXBuildFile; fileRef = B9781AC51B2748820082BDAA /* GLUT.framework */; };
		B9A59ADB1B28B37D00241A55 /* libglfw3.a in Frameworks */ = {isa = PBXBuildFile; fileRef = B9A59ADA1B28B37D00241A55 /* libglfw3.a */; };
		B9A5DC471B29F5F4009D1A1F /* Cube.cpp in Sources */ = {isa = PBXBuildFile; fileRef = B9A5DC411B29F5F4009D1A1F /* Cube.cpp */; };
		B9A5DC481B29F5F4009D1A1F /* Geom.cpp in Sources */ = {isa = PBXBuildFile; fileRef = B9A5DC421B29F5F4009D1A1F /* Geom.cpp */; };
		B9A5DC491B29F5F4009D1A1F /* main.cpp in Sources */ = {isa = PBXBuildFile; fileRef = B9A5DC431B29F5F4009D1A1F /* main.cpp */; };
		B9A5DC4A1B29F5F4009D1A1F /* Shader.cpp in Sources */ = {isa = PBXBuildFile; fileRef = B9A5DC441B29F5F4009D1A1F /* Shader.cpp */; };
/* End PBXBuildFile section */

/* Begin PBXCopyFilesBuildPhase section */
		B99699131B2747870056EAB5 /* CopyFiles */ = {
			isa = PBXCopyFilesBuildPhase;
			buildActionMask = 2147483647;
			dstPath = /usr/share/man/man1/;
			dstSubfolderSpec = 0;
			files = (
			);
			runOnlyForDeploymentPostprocessing = 1;
		};
/* End PBXCopyFilesBuildPhase section */

/* Begin PBXFileReference section */
		B9781ABD1B27484D0082BDAA /* IOKit.framework */ = {isa = PBXFileReference; lastKnownFileType = wrapper.framework; name = IOKit.framework; path = System/Library/Frameworks/IOKit.framework; sourceTree = SDKROOT; };
		B9781ABF1B2748510082BDAA /* Cocoa.framework */ = {isa = PBXFileReference; lastKnownFileType = wrapper.framework; name = Cocoa.framework; path = System/Library/Frameworks/Cocoa.framework; sourceTree = SDKROOT; };
		B9781AC11B2748550082BDAA /* OpenGL.framework */ = {isa = PBXFileReference; lastKnownFileType = wrapper.framework; name = OpenGL.framework; path = System/Library/Frameworks/OpenGL.framework; sourceTree = SDKROOT; };
		B9781AC31B27487E0082BDAA /* CoreVideo.framework */ = {isa = PBXFileReference; lastKnownFileType = wrapper.framework; name = CoreVideo.framework; path = System/Library/Frameworks/CoreVideo.framework; sourceTree = SDKROOT; };
		B9781AC51B2748820082BDAA /* GLUT.framework */ = {isa = PBXFileReference; lastKnownFileType = wrapper.framework; name = GLUT.framework; path = System/Library/Frameworks/GLUT.framework; sourceTree = SDKROOT; };
		B99699151B2747870056EAB5 /* PerunaEngine */ = {isa = PBXFileReference; explicitFileType = "compiled.mach-o.executable"; includeInIndex = 0; path = PerunaEngine; sourceTree = BUILT_PRODUCTS_DIR; };
		B9A59ADA1B28B37D00241A55 /* libglfw3.a */ = {isa = PBXFileReference; lastKnownFileType = archive.ar; path = libglfw3.a; sourceTree = "<group>"; };
		B9A5DC3C1B29F5F4009D1A1F /* Cube.h */ = {isa = PBXFileReference; fileEncoding = 4; lastKnownFileType = sourcecode.c.h; path = Cube.h; sourceTree = SOURCE_ROOT; };
		B9A5DC3D1B29F5F4009D1A1F /* Elem.h */ = {isa = PBXFileReference; fileEncoding = 4; lastKnownFileType = sourcecode.c.h; path = Elem.h; sourceTree = SOURCE_ROOT; };
		B9A5DC3E1B29F5F4009D1A1F /* Face.h */ = {isa = PBXFileReference; fileEncoding = 4; lastKnownFileType = sourcecode.c.h; path = Face.h; sourceTree = SOURCE_ROOT; };
		B9A5DC3F1B29F5F4009D1A1F /* Geom.h */ = {isa = PBXFileReference; fileEncoding = 4; lastKnownFileType = sourcecode.c.h; path = Geom.h; sourceTree = SOURCE_ROOT; };
		B9A5DC401B29F5F4009D1A1F /* Shader.h */ = {isa = PBXFileReference; fileEncoding = 4; lastKnownFileType = sourcecode.c.h; path = Shader.h; sourceTree = SOURCE_ROOT; };
		B9A5DC411B29F5F4009D1A1F /* Cube.cpp */ = {isa = PBXFileReference; fileEncoding = 4; lastKnownFileType = sourcecode.cpp.cpp; path = Cube.cpp; sourceTree = SOURCE_ROOT; };
		B9A5DC421B29F5F4009D1A1F /* Geom.cpp */ = {isa = PBXFileReference; fileEncoding = 4; lastKnownFileType = sourcecode.cpp.cpp; path = Geom.cpp; sourceTree = SOURCE_ROOT; };
		B9A5DC431B29F5F4009D1A1F /* main.cpp */ = {isa = PBXFileReference; fileEncoding = 4; lastKnownFileType = sourcecode.cpp.cpp; path = main.cpp; sourceTree = SOURCE_ROOT; };
		B9A5DC441B29F5F4009D1A1F /* Shader.cpp */ = {isa = PBXFileReference; fileEncoding = 4; lastKnownFileType = sourcecode.cpp.cpp; path = Shader.cpp; sourceTree = SOURCE_ROOT; };
		B9A5DC451B29F5F4009D1A1F /* simpleShader01.frag */ = {isa = PBXFileReference; fileEncoding = 4; lastKnownFileType = sourcecode.glsl; path = simpleShader01.frag; sourceTree = SOURCE_ROOT; };
		B9A5DC461B29F5F4009D1A1F /* simpleShader01.vert */ = {isa = PBXFileReference; fileEncoding = 4; lastKnownFileType = sourcecode.glsl; path = simpleShader01.vert; sourceTree = SOURCE_ROOT; };
/* End PBXFileReference section */

/* Begin PBXFrameworksBuildPhase section */
		B99699121B2747870056EAB5 /* Frameworks */ = {
			isa = PBXFrameworksBuildPhase;
			buildActionMask = 2147483647;
			files = (
				B9A59ADB1B28B37D00241A55 /* libglfw3.a in Frameworks */,
				B9781AC61B2748820082BDAA /* GLUT.framework in Frameworks */,
				B9781AC41B27487E0082BDAA /* CoreVideo.framework in Frameworks */,
				B9781AC21B2748550082BDAA /* OpenGL.framework in Frameworks */,
				B9781AC01B2748510082BDAA /* Cocoa.framework in Frameworks */,
				B9781ABE1B27484D0082BDAA /* IOKit.framework in Frameworks */,
			);
			runOnlyForDeploymentPostprocessing = 0;
		};
/* End PBXFrameworksBuildPhase section */

/* Begin PBXGroup section */
		B996990C1B2747870056EAB5 = {
			isa = PBXGroup;
			children = (
				B9A59ADA1B28B37D00241A55 /* libglfw3.a */,
				B9781AC51B2748820082BDAA /* GLUT.framework */,
				B9781AC31B27487E0082BDAA /* CoreVideo.framework */,
				B9781AC11B2748550082BDAA /* OpenGL.framework */,
				B9781ABF1B2748510082BDAA /* Cocoa.framework */,
				B9781ABD1B27484D0082BDAA /* IOKit.framework */,
				B99699171B2747870056EAB5 /* PerunaEngine */,
				B99699161B2747870056EAB5 /* Products */,
			);
			sourceTree = "<group>";
		};
		B99699161B2747870056EAB5 /* Products */ = {
			isa = PBXGroup;
			children = (
				B99699151B2747870056EAB5 /* PerunaEngine */,
			);
			name = Products;
			sourceTree = "<group>";
		};
		B99699171B2747870056EAB5 /* PerunaEngine */ = {
			isa = PBXGroup;
			children = (
				B9A5DC3C1B29F5F4009D1A1F /* Cube.h */,
				B9A5DC3D1B29F5F4009D1A1F /* Elem.h */,
				B9A5DC3E1B29F5F4009D1A1F /* Face.h */,
				B9A5DC3F1B29F5F4009D1A1F /* Geom.h */,
				B9A5DC401B29F5F4009D1A1F /* Shader.h */,
				B9A5DC411B29F5F4009D1A1F /* Cube.cpp */,
				B9A5DC421B29F5F4009D1A1F /* Geom.cpp */,
				B9A5DC431B29F5F4009D1A1F /* main.cpp */,
				B9A5DC441B29F5F4009D1A1F /* Shader.cpp */,
				B9A5DC451B29F5F4009D1A1F /* simpleShader01.frag */,
				B9A5DC461B29F5F4009D1A1F /* simpleShader01.vert */,
			);
			path = PerunaEngine;
			sourceTree = "<group>";
		};
/* End PBXGroup section */

/* Begin PBXNativeTarget section */
		B99699141B2747870056EAB5 /* PerunaEngine */ = {
			isa = PBXNativeTarget;
			buildConfigurationList = B996991C1B2747870056EAB5 /* Build configuration list for PBXNativeTarget "PerunaEngine" */;
			buildPhases = (
				B99699111B2747870056EAB5 /* Sources */,
				B99699121B2747870056EAB5 /* Frameworks */,
				B99699131B2747870056EAB5 /* CopyFiles */,
			);
			buildRules = (
			);
			dependencies = (
			);
			name = PerunaEngine;
			productName = PerunaEngine;
			productReference = B99699151B2747870056EAB5 /* PerunaEngine */;
			productType = "com.apple.product-type.tool";
		};
/* End PBXNativeTarget section */

/* Begin PBXProject section */
		B996990D1B2747870056EAB5 /* Project object */ = {
			isa = PBXProject;
			attributes = {
				LastUpgradeCheck = 0630;
				ORGANIZATIONNAME = computergraphics;
				TargetAttributes = {
					B99699141B2747870056EAB5 = {
						CreatedOnToolsVersion = 6.3.2;
					};
				};
			};
			buildConfigurationList = B99699101B2747870056EAB5 /* Build configuration list for PBXProject "PerunaEngine" */;
			compatibilityVersion = "Xcode 3.2";
			developmentRegion = English;
			hasScannedForEncodings = 0;
			knownRegions = (
				en,
			);
			mainGroup = B996990C1B2747870056EAB5;
			productRefGroup = B99699161B2747870056EAB5 /* Products */;
			projectDirPath = "";
			projectRoot = "";
			targets = (
				B99699141B2747870056EAB5 /* PerunaEngine */,
			);
		};
/* End PBXProject section */

/* Begin PBXSourcesBuildPhase section */
		B99699111B2747870056EAB5 /* Sources */ = {
			isa = PBXSourcesBuildPhase;
			buildActionMask = 2147483647;
			files = (
				B9A5DC471B29F5F4009D1A1F /* Cube.cpp in Sources */,
				B9A5DC481B29F5F4009D1A1F /* Geom.cpp in Sources */,
				B9A5DC4A1B29F5F4009D1A1F /* Shader.cpp in Sources */,
				B9A5DC491B29F5F4009D1A1F /* main.cpp in Sources */,
			);
			runOnlyForDeploymentPostprocessing = 0;
		};
/* End PBXSourcesBuildPhase section */

/* Begin XCBuildConfiguration section */
		B996991A1B2747870056EAB5 /* Debug */ = {
			isa = XCBuildConfiguration;
			buildSettings = {
				ALWAYS_SEARCH_USER_PATHS = NO;
				CLANG_CXX_LANGUAGE_STANDARD = "gnu++0x";
				CLANG_CXX_LIBRARY = "libc++";
				CLANG_ENABLE_MODULES = YES;
				CLANG_ENABLE_OBJC_ARC = YES;
				CLANG_WARN_BOOL_CONVERSION = YES;
				CLANG_WARN_CONSTANT_CONVERSION = YES;
				CLANG_WARN_DIRECT_OBJC_ISA_USAGE = YES_ERROR;
				CLANG_WARN_EMPTY_BODY = YES;
				CLANG_WARN_ENUM_CONVERSION = YES;
				CLANG_WARN_INT_CONVERSION = YES;
				CLANG_WARN_OBJC_ROOT_CLASS = YES_ERROR;
				CLANG_WARN_UNREACHABLE_CODE = YES;
				CLANG_WARN__DUPLICATE_METHOD_MATCH = YES;
				COPY_PHASE_STRIP = NO;
				DEBUG_INFORMATION_FORMAT = dwarf;
				ENABLE_STRICT_OBJC_MSGSEND = YES;
				GCC_C_LANGUAGE_STANDARD = gnu99;
				GCC_DYNAMIC_NO_PIC = NO;
				GCC_NO_COMMON_BLOCKS = YES;
				GCC_OPTIMIZATION_LEVEL = 0;
				GCC_PREPROCESSOR_DEFINITIONS = (
					"DEBUG=1",
					"$(inherited)",
				);
				GCC_SYMBOLS_PRIVATE_EXTERN = NO;
				GCC_WARN_64_TO_32_BIT_CONVERSION = YES;
				GCC_WARN_ABOUT_RETURN_TYPE = YES_ERROR;
				GCC_WARN_UNDECLARED_SELECTOR = YES;
				GCC_WARN_UNINITIALIZED_AUTOS = YES_AGGRESSIVE;
				GCC_WARN_UNUSED_FUNCTION = YES;
				GCC_WARN_UNUSED_VARIABLE = YES;
				MACOSX_DEPLOYMENT_TARGET = 10.10;
				MTL_ENABLE_DEBUG_INFO = YES;
				ONLY_ACTIVE_ARCH = YES;
				SDKROOT = macosx;
			};
			name = Debug;
		};
		B996991B1B2747870056EAB5 /* Release */ = {
			isa = XCBuildConfiguration;
			buildSettings = {
				ALWAYS_SEARCH_USER_PATHS = NO;
				CLANG_CXX_LANGUAGE_STANDARD = "gnu++0x";
				CLANG_CXX_LIBRARY = "libc++";
				CLANG_ENABLE_MODULES = YES;
				CLANG_ENABLE_OBJC_ARC = YES;
				CLANG_WARN_BOOL_CONVERSION = YES;
				CLANG_WARN_CONSTANT_CONVERSION = YES;
				CLANG_WARN_DIRECT_OBJC_ISA_USAGE = YES_ERROR;
				CLANG_WARN_EMPTY_BODY = YES;
				CLANG_WARN_ENUM_CONVERSION = YES;
				CLANG_WARN_INT_CONVERSION = YES;
				CLANG_WARN_OBJC_ROOT_CLASS = YES_ERROR;
				CLANG_WARN_UNREACHABLE_CODE = YES;
				CLANG_WARN__DUPLICATE_METHOD_MATCH = YES;
				COPY_PHASE_STRIP = NO;
				DEBUG_INFORMATION_FORMAT = "dwarf-with-dsym";
				ENABLE_NS_ASSERTIONS = NO;
				ENABLE_STRICT_OBJC_MSGSEND = YES;
				GCC_C_LANGUAGE_STANDARD = gnu99;
				GCC_NO_COMMON_BLOCKS = YES;
				GCC_WARN_64_TO_32_BIT_CONVERSION = YES;
				GCC_WARN_ABOUT_RETURN_TYPE = YES_ERROR;
				GCC_WARN_UNDECLARED_SELECTOR = YES;
				GCC_WARN_UNINITIALIZED_AUTOS = YES_AGGRESSIVE;
				GCC_WARN_UNUSED_FUNCTION = YES;
				GCC_WARN_UNUSED_VARIABLE = YES;
				MACOSX_DEPLOYMENT_TARGET = 10.10;
				MTL_ENABLE_DEBUG_INFO = NO;
				SDKROOT = macosx;
			};
			name = Release;
		};
		B996991D1B2747870056EAB5 /* Debug */ = {
			isa = XCBuildConfiguration;
			buildSettings = {
				LIBRARY_SEARCH_PATHS = (
					"$(inherited)",
					"$(PROJECT_DIR)",
				);
				PRODUCT_NAME = "$(TARGET_NAME)";
				USER_HEADER_SEARCH_PATHS = "";
			};
			name = Debug;
		};
		B996991E1B2747870056EAB5 /* Release */ = {
			isa = XCBuildConfiguration;
			buildSettings = {
				LIBRARY_SEARCH_PATHS = (
					"$(inherited)",
					"$(PROJECT_DIR)",
				);
				PRODUCT_NAME = "$(TARGET_NAME)";
				USER_HEADER_SEARCH_PATHS = "";
			};
			name = Release;
		};
/* End XCBuildConfiguration section */

/* Begin XCConfigurationList section */
		B99699101B2747870056EAB5 /* Build configuration list for PBXProject "PerunaEngine" */ = {
			isa = XCConfigurationList;
			buildConfigurations = (
				B996991A1B2747870056EAB5 /* Debug */,
				B996991B1B2747870056EAB5 /* Release */,
			);
			defaultConfigurationIsVisible = 0;
			defaultConfigurationName = Release;
		};
		B996991C1B2747870056EAB5 /* Build configuration list for PBXNativeTarget "PerunaEngine" */ = {
			isa = XCConfigurationList;
			buildConfigurations = (
				B996991D1B2747870056EAB5 /* Debug */,
				B996991E1B2747870056EAB5 /* Release */,
			);
			defaultConfigurationIsVisible = 0;
			defaultConfigurationName = Release;
		};
/* End XCConfigurationList section */
	};
	rootObject = B996990D1B2747870056EAB5 /* Project object */;
}
